
Microsoft Visual Studio Solution File, Format Version 10.00
# Visual Studio 2008
Project("{8BC9CEB8-8B4A-11D0-8D11-00A0C91BC942}") = "InstallSuRun", "InstallSuRun\InstallSuRunVC9.vcproj", "{6A6CCFF6-F29A-441F-9E27-7E82F90968D3}"
	ProjectSection(ProjectDependencies) = postProject
		{DAFA8E39-3DE2-4F20-9379-5EE5999D2BAF} = {DAFA8E39-3DE2-4F20-9379-5EE5999D2BAF}
		{EED1FEA4-9C37-4452-A8C0-B01F2ED49C68} = {EED1FEA4-9C37-4452-A8C0-B01F2ED49C68}
	EndProjectSection
EndProject
Project("{8BC9CEB8-8B4A-11D0-8D11-00A0C91BC942}") = "SuRun", "SuRunVC9.vcproj", "{EED1FEA4-9C37-4452-A8C0-B01F2ED49C68}"
	ProjectSection(ProjectDependencies) = postProject
		{DAFA8E39-3DE2-4F20-9379-5EE5999D2BAF} = {DAFA8E39-3DE2-4F20-9379-5EE5999D2BAF}
	EndProjectSection
EndProject
Project("{8BC9CEB8-8B4A-11D0-8D11-00A0C91BC942}") = "SuRunExt", "SuRunExt\SuRunExtVC9.vcproj", "{DAFA8E39-3DE2-4F20-9379-5EE5999D2BAF}"
EndProject
Project("{8BC9CEB8-8B4A-11D0-8D11-00A0C91BC942}") = "SuRunC", "SuRunC\SuRunC.vcproj", "{7965D390-1BFC-4729-A404-C3D2064250BB}"
EndProject
Global
	GlobalSection(SolutionConfigurationPlatforms) = preSolution
		Debug|Win32 = Debug|Win32
		Debug|x64 = Debug|x64
		Release|Win32 = Release|Win32
		Release|x64 = Release|x64
		SuRun32 Unicode Debug|Win32 = SuRun32 Unicode Debug|Win32
		SuRun32 Unicode Debug|x64 = SuRun32 Unicode Debug|x64
		SuRun32 Unicode Release|Win32 = SuRun32 Unicode Release|Win32
		SuRun32 Unicode Release|x64 = SuRun32 Unicode Release|x64
		Unicode Debug|Win32 = Unicode Debug|Win32
		Unicode Debug|x64 = Unicode Debug|x64
		Unicode Release|Win32 = Unicode Release|Win32
		Unicode Release|x64 = Unicode Release|x64
		x64 Unicode Debug|Win32 = x64 Unicode Debug|Win32
		x64 Unicode Debug|x64 = x64 Unicode Debug|x64
		x64 Unicode Release|Win32 = x64 Unicode Release|Win32
		x64 Unicode Release|x64 = x64 Unicode Release|x64
	EndGlobalSection
	GlobalSection(ProjectConfigurationPlatforms) = postSolution
		{6A6CCFF6-F29A-441F-9E27-7E82F90968D3}.Debug|Win32.ActiveCfg = Debug|Win32
		{6A6CCFF6-F29A-441F-9E27-7E82F90968D3}.Debug|Win32.Build.0 = Debug|Win32
		{6A6CCFF6-F29A-441F-9E27-7E82F90968D3}.Debug|x64.ActiveCfg = Debug|Win32
		{6A6CCFF6-F29A-441F-9E27-7E82F90968D3}.Release|Win32.ActiveCfg = Release|Win32
		{6A6CCFF6-F29A-441F-9E27-7E82F90968D3}.Release|Win32.Build.0 = Release|Win32
		{6A6CCFF6-F29A-441F-9E27-7E82F90968D3}.Release|x64.ActiveCfg = Release|Win32
		{6A6CCFF6-F29A-441F-9E27-7E82F90968D3}.SuRun32 Unicode Debug|Win32.ActiveCfg = SuRun32 Unicode Debug|Win32
		{6A6CCFF6-F29A-441F-9E27-7E82F90968D3}.SuRun32 Unicode Debug|x64.ActiveCfg = SuRun32 Unicode Debug|Win32
		{6A6CCFF6-F29A-441F-9E27-7E82F90968D3}.SuRun32 Unicode Release|Win32.ActiveCfg = Release|Win32
		{6A6CCFF6-F29A-441F-9E27-7E82F90968D3}.SuRun32 Unicode Release|x64.ActiveCfg = Release|Win32
		{6A6CCFF6-F29A-441F-9E27-7E82F90968D3}.Unicode Debug|Win32.ActiveCfg = Debug|Win32
		{6A6CCFF6-F29A-441F-9E27-7E82F90968D3}.Unicode Debug|Win32.Build.0 = Debug|Win32
		{6A6CCFF6-F29A-441F-9E27-7E82F90968D3}.Unicode Debug|x64.ActiveCfg = Debug|Win32
		{6A6CCFF6-F29A-441F-9E27-7E82F90968D3}.Unicode Release|Win32.ActiveCfg = Release|Win32
		{6A6CCFF6-F29A-441F-9E27-7E82F90968D3}.Unicode Release|Win32.Build.0 = Release|Win32
		{6A6CCFF6-F29A-441F-9E27-7E82F90968D3}.Unicode Release|x64.ActiveCfg = Release|Win32
		{6A6CCFF6-F29A-441F-9E27-7E82F90968D3}.x64 Unicode Debug|Win32.ActiveCfg = x64 Unicode Debug|Win32
		{6A6CCFF6-F29A-441F-9E27-7E82F90968D3}.x64 Unicode Debug|x64.ActiveCfg = x64 Unicode Debug|Win32
		{6A6CCFF6-F29A-441F-9E27-7E82F90968D3}.x64 Unicode Release|Win32.ActiveCfg = Release|Win32
		{6A6CCFF6-F29A-441F-9E27-7E82F90968D3}.x64 Unicode Release|Win32.Build.0 = Release|Win32
		{6A6CCFF6-F29A-441F-9E27-7E82F90968D3}.x64 Unicode Release|x64.ActiveCfg = Release|Win32
		{EED1FEA4-9C37-4452-A8C0-B01F2ED49C68}.Debug|Win32.ActiveCfg = x64 Unicode Debug|Win32
		{EED1FEA4-9C37-4452-A8C0-B01F2ED49C68}.Debug|Win32.Build.0 = x64 Unicode Debug|Win32
		{EED1FEA4-9C37-4452-A8C0-B01F2ED49C68}.Debug|x64.ActiveCfg = x64 Unicode Debug|x64
		{EED1FEA4-9C37-4452-A8C0-B01F2ED49C68}.Debug|x64.Build.0 = x64 Unicode Debug|x64
		{EED1FEA4-9C37-4452-A8C0-B01F2ED49C68}.Release|Win32.ActiveCfg = x64 Unicode Release|Win32
		{EED1FEA4-9C37-4452-A8C0-B01F2ED49C68}.Release|Win32.Build.0 = x64 Unicode Release|Win32
		{EED1FEA4-9C37-4452-A8C0-B01F2ED49C68}.Release|x64.ActiveCfg = x64 Unicode Release|x64
		{EED1FEA4-9C37-4452-A8C0-B01F2ED49C68}.Release|x64.Build.0 = x64 Unicode Release|x64
		{EED1FEA4-9C37-4452-A8C0-B01F2ED49C68}.SuRun32 Unicode Debug|Win32.ActiveCfg = SuRun32 Unicode Debug|Win32
		{EED1FEA4-9C37-4452-A8C0-B01F2ED49C68}.SuRun32 Unicode Debug|Win32.Build.0 = SuRun32 Unicode Debug|Win32
		{EED1FEA4-9C37-4452-A8C0-B01F2ED49C68}.SuRun32 Unicode Debug|x64.ActiveCfg = SuRun32 Unicode Debug|x64
		{EED1FEA4-9C37-4452-A8C0-B01F2ED49C68}.SuRun32 Unicode Debug|x64.Build.0 = SuRun32 Unicode Debug|x64
		{EED1FEA4-9C37-4452-A8C0-B01F2ED49C68}.SuRun32 Unicode Release|Win32.ActiveCfg = SuRun32 Unicode Release|Win32
		{EED1FEA4-9C37-4452-A8C0-B01F2ED49C68}.SuRun32 Unicode Release|Win32.Build.0 = SuRun32 Unicode Release|Win32
		{EED1FEA4-9C37-4452-A8C0-B01F2ED49C68}.SuRun32 Unicode Release|x64.ActiveCfg = SuRun32 Unicode Release|x64
		{EED1FEA4-9C37-4452-A8C0-B01F2ED49C68}.SuRun32 Unicode Release|x64.Build.0 = SuRun32 Unicode Release|x64
		{EED1FEA4-9C37-4452-A8C0-B01F2ED49C68}.Unicode Debug|Win32.ActiveCfg = Unicode Debug|Win32
		{EED1FEA4-9C37-4452-A8C0-B01F2ED49C68}.Unicode Debug|Win32.Build.0 = Unicode Debug|Win32
		{EED1FEA4-9C37-4452-A8C0-B01F2ED49C68}.Unicode Debug|x64.ActiveCfg = Unicode Debug|x64
		{EED1FEA4-9C37-4452-A8C0-B01F2ED49C68}.Unicode Debug|x64.Build.0 = Unicode Debug|x64
		{EED1FEA4-9C37-4452-A8C0-B01F2ED49C68}.Unicode Release|Win32.ActiveCfg = Unicode Release|Win32
		{EED1FEA4-9C37-4452-A8C0-B01F2ED49C68}.Unicode Release|Win32.Build.0 = Unicode Release|Win32
		{EED1FEA4-9C37-4452-A8C0-B01F2ED49C68}.Unicode Release|x64.ActiveCfg = Unicode Release|x64
		{EED1FEA4-9C37-4452-A8C0-B01F2ED49C68}.Unicode Release|x64.Build.0 = Unicode Release|x64
		{EED1FEA4-9C37-4452-A8C0-B01F2ED49C68}.x64 Unicode Debug|Win32.ActiveCfg = x64 Unicode Debug|Win32
		{EED1FEA4-9C37-4452-A8C0-B01F2ED49C68}.x64 Unicode Debug|Win32.Build.0 = x64 Unicode Debug|Win32
		{EED1FEA4-9C37-4452-A8C0-B01F2ED49C68}.x64 Unicode Debug|x64.ActiveCfg = x64 Unicode Debug|x64
		{EED1FEA4-9C37-4452-A8C0-B01F2ED49C68}.x64 Unicode Debug|x64.Build.0 = x64 Unicode Debug|x64
		{EED1FEA4-9C37-4452-A8C0-B01F2ED49C68}.x64 Unicode Release|Win32.ActiveCfg = x64 Unicode Release|x64
		{EED1FEA4-9C37-4452-A8C0-B01F2ED49C68}.x64 Unicode Release|x64.ActiveCfg = x64 Unicode Release|x64
		{EED1FEA4-9C37-4452-A8C0-B01F2ED49C68}.x64 Unicode Release|x64.Build.0 = x64 Unicode Release|x64
		{DAFA8E39-3DE2-4F20-9379-5EE5999D2BAF}.Debug|Win32.ActiveCfg = x64 Unicode Debug|Win32
		{DAFA8E39-3DE2-4F20-9379-5EE5999D2BAF}.Debug|Win32.Build.0 = x64 Unicode Debug|Win32
		{DAFA8E39-3DE2-4F20-9379-5EE5999D2BAF}.Debug|x64.ActiveCfg = x64 Unicode Debug|x64
		{DAFA8E39-3DE2-4F20-9379-5EE5999D2BAF}.Debug|x64.Build.0 = x64 Unicode Debug|x64
		{DAFA8E39-3DE2-4F20-9379-5EE5999D2BAF}.Release|Win32.ActiveCfg = SuRun32 Unicode Release|Win32
		{DAFA8E39-3DE2-4F20-9379-5EE5999D2BAF}.Release|Win32.Build.0 = SuRun32 Unicode Release|Win32
		{DAFA8E39-3DE2-4F20-9379-5EE5999D2BAF}.Release|x64.ActiveCfg = SuRun32 Unicode Release|x64
		{DAFA8E39-3DE2-4F20-9379-5EE5999D2BAF}.Release|x64.Build.0 = SuRun32 Unicode Release|x64
		{DAFA8E39-3DE2-4F20-9379-5EE5999D2BAF}.SuRun32 Unicode Debug|Win32.ActiveCfg = SuRun32 Unicode Debug|Win32
		{DAFA8E39-3DE2-4F20-9379-5EE5999D2BAF}.SuRun32 Unicode Debug|Win32.Build.0 = SuRun32 Unicode Debug|Win32
		{DAFA8E39-3DE2-4F20-9379-5EE5999D2BAF}.SuRun32 Unicode Debug|x64.ActiveCfg = SuRun32 Unicode Debug|x64
		{DAFA8E39-3DE2-4F20-9379-5EE5999D2BAF}.SuRun32 Unicode Debug|x64.Build.0 = SuRun32 Unicode Debug|x64
		{DAFA8E39-3DE2-4F20-9379-5EE5999D2BAF}.SuRun32 Unicode Release|Win32.ActiveCfg = SuRun32 Unicode Release|Win32
		{DAFA8E39-3DE2-4F20-9379-5EE5999D2BAF}.SuRun32 Unicode Release|Win32.Build.0 = SuRun32 Unicode Release|Win32
		{DAFA8E39-3DE2-4F20-9379-5EE5999D2BAF}.SuRun32 Unicode Release|x64.ActiveCfg = SuRun32 Unicode Release|x64
		{DAFA8E39-3DE2-4F20-9379-5EE5999D2BAF}.SuRun32 Unicode Release|x64.Build.0 = SuRun32 Unicode Release|x64
		{DAFA8E39-3DE2-4F20-9379-5EE5999D2BAF}.Unicode Debug|Win32.ActiveCfg = Unicode Debug|Win32
		{DAFA8E39-3DE2-4F20-9379-5EE5999D2BAF}.Unicode Debug|Win32.Build.0 = Unicode Debug|Win32
		{DAFA8E39-3DE2-4F20-9379-5EE5999D2BAF}.Unicode Debug|x64.ActiveCfg = Unicode Debug|x64
		{DAFA8E39-3DE2-4F20-9379-5EE5999D2BAF}.Unicode Debug|x64.Build.0 = Unicode Debug|x64
		{DAFA8E39-3DE2-4F20-9379-5EE5999D2BAF}.Unicode Release|Win32.ActiveCfg = Unicode Release|Win32
		{DAFA8E39-3DE2-4F20-9379-5EE5999D2BAF}.Unicode Release|Win32.Build.0 = Unicode Release|Win32
		{DAFA8E39-3DE2-4F20-9379-5EE5999D2BAF}.Unicode Release|x64.ActiveCfg = Unicode Release|x64
		{DAFA8E39-3DE2-4F20-9379-5EE5999D2BAF}.Unicode Release|x64.Build.0 = Unicode Release|x64
		{DAFA8E39-3DE2-4F20-9379-5EE5999D2BAF}.x64 Unicode Debug|Win32.ActiveCfg = x64 Unicode Debug|Win32
		{DAFA8E39-3DE2-4F20-9379-5EE5999D2BAF}.x64 Unicode Debug|Win32.Build.0 = x64 Unicode Debug|Win32
		{DAFA8E39-3DE2-4F20-9379-5EE5999D2BAF}.x64 Unicode Debug|x64.ActiveCfg = x64 Unicode Debug|x64
		{DAFA8E39-3DE2-4F20-9379-5EE5999D2BAF}.x64 Unicode Debug|x64.Build.0 = x64 Unicode Debug|x64
		{DAFA8E39-3DE2-4F20-9379-5EE5999D2BAF}.x64 Unicode Release|Win32.ActiveCfg = x64 Unicode Release|Win32
		{DAFA8E39-3DE2-4F20-9379-5EE5999D2BAF}.x64 Unicode Release|Win32.Build.0 = x64 Unicode Release|Win32
		{DAFA8E39-3DE2-4F20-9379-5EE5999D2BAF}.x64 Unicode Release|x64.ActiveCfg = x64 Unicode Release|x64
		{DAFA8E39-3DE2-4F20-9379-5EE5999D2BAF}.x64 Unicode Release|x64.Build.0 = x64 Unicode Release|x64
		{7965D390-1BFC-4729-A404-C3D2064250BB}.Debug|Win32.ActiveCfg = Debug|Win32
		{7965D390-1BFC-4729-A404-C3D2064250BB}.Debug|Win32.Build.0 = Debug|Win32
		{7965D390-1BFC-4729-A404-C3D2064250BB}.Debug|x64.ActiveCfg = Debug|x64
		{7965D390-1BFC-4729-A404-C3D2064250BB}.Debug|x64.Build.0 = Debug|x64
		{7965D390-1BFC-4729-A404-C3D2064250BB}.Release|Win32.ActiveCfg = Release|Win32
		{7965D390-1BFC-4729-A404-C3D2064250BB}.Release|Win32.Build.0 = Release|Win32
		{7965D390-1BFC-4729-A404-C3D2064250BB}.Release|x64.ActiveCfg = Release|x64
		{7965D390-1BFC-4729-A404-C3D2064250BB}.Release|x64.Build.0 = Release|x64
		{7965D390-1BFC-4729-A404-C3D2064250BB}.SuRun32 Unicode Debug|Win32.ActiveCfg = SuRun32 Unicode Debug|Win32
		{7965D390-1BFC-4729-A404-C3D2064250BB}.SuRun32 Unicode Debug|x64.ActiveCfg = SuRun32 Unicode Debug|x64
		{7965D390-1BFC-4729-A404-C3D2064250BB}.SuRun32 Unicode Debug|x64.Build.0 = SuRun32 Unicode Debug|x64
		{7965D390-1BFC-4729-A404-C3D2064250BB}.SuRun32 Unicode Release|Win32.ActiveCfg = Release|Win32
		{7965D390-1BFC-4729-A404-C3D2064250BB}.SuRun32 Unicode Release|x64.ActiveCfg = Release|Win32
		{7965D390-1BFC-4729-A404-C3D2064250BB}.Unicode Debug|Win32.ActiveCfg = Debug|Win32
		{7965D390-1BFC-4729-A404-C3D2064250BB}.Unicode Debug|Win32.Build.0 = Debug|Win32
		{7965D390-1BFC-4729-A404-C3D2064250BB}.Unicode Debug|x64.ActiveCfg = Debug|Win32
		{7965D390-1BFC-4729-A404-C3D2064250BB}.Unicode Release|Win32.ActiveCfg = Release|Win32
		{7965D390-1BFC-4729-A404-C3D2064250BB}.Unicode Release|Win32.Build.0 = Release|Win32
		{7965D390-1BFC-4729-A404-C3D2064250BB}.Unicode Release|x64.ActiveCfg = Release|Win32
		{7965D390-1BFC-4729-A404-C3D2064250BB}.x64 Unicode Debug|Win32.ActiveCfg = Debug|Win32
		{7965D390-1BFC-4729-A404-C3D2064250BB}.x64 Unicode Debug|Win32.Build.0 = Debug|Win32
		{7965D390-1BFC-4729-A404-C3D2064250BB}.x64 Unicode Debug|x64.ActiveCfg = x64 Unicode Debug|x64
		{7965D390-1BFC-4729-A404-C3D2064250BB}.x64 Unicode Debug|x64.Build.0 = x64 Unicode Debug|x64
		{7965D390-1BFC-4729-A404-C3D2064250BB}.x64 Unicode Release|Win32.ActiveCfg = Release|Win32
		{7965D390-1BFC-4729-A404-C3D2064250BB}.x64 Unicode Release|Win32.Build.0 = Release|Win32
		{7965D390-1BFC-4729-A404-C3D2064250BB}.x64 Unicode Release|x64.ActiveCfg = x64 Unicode Release|x64
		{7965D390-1BFC-4729-A404-C3D2064250BB}.x64 Unicode Release|x64.Build.0 = x64 Unicode Release|x64
	EndGlobalSection
	GlobalSection(SolutionProperties) = preSolution
		HideSolutionNode = FALSE
	EndGlobalSection
EndGlobal
